
Microsoft Visual Studio Solution File, Format Version 12.00
# Visual Studio 2012
Project("{8BC9CEB8-8B4A-11D0-8D11-00A0C91BC942}") = "gorini4ivasilisa", "gorini4ivasilisa\gorini4ivasilisa.vcxproj", "{3F732D2D-537D-4E7D-AE5B-7BA442BB01FB}"
EndProject
Global
	GlobalSection(SolutionConfigurationPlatforms) = preSolution
		Debug|Win32 = Debug|Win32
		Release|Win32 = Release|Win32
	EndGlobalSection
	GlobalSection(ProjectConfigurationPlatforms) = postSolution
		{3F732D2D-537D-4E7D-AE5B-7BA442BB01FB}.Debug|Win32.ActiveCfg = Debug|Win32
		{3F732D2D-537D-4E7D-AE5B-7BA442BB01FB}.Debug|Win32.Build.0 = Debug|Win32
		{3F732D2D-537D-4E7D-AE5B-7BA442BB01FB}.Release|Win32.ActiveCfg = Release|Win32
		{3F732D2D-537D-4E7D-AE5B-7BA442BB01FB}.Release|Win32.Build.0 = Release|Win32
	EndGlobalSection
	GlobalSection(SolutionProperties) = preSolution
		HideSolutionNode = FALSE
	EndGlobalSection
EndGlobal
