
Microsoft Visual Studio Solution File, Format Version 12.00
# Visual Studio 2012
Project("{8BC9CEB8-8B4A-11D0-8D11-00A0C91BC942}") = "domaxa1", "domaxa1\domaxa1.vcxproj", "{DA5CD326-8274-4856-B863-5CE0EC9E096D}"
EndProject
Global
	GlobalSection(SolutionConfigurationPlatforms) = preSolution
		Debug|Win32 = Debug|Win32
		Release|Win32 = Release|Win32
	EndGlobalSection
	GlobalSection(ProjectConfigurationPlatforms) = postSolution
		{DA5CD326-8274-4856-B863-5CE0EC9E096D}.Debug|Win32.ActiveCfg = Debug|Win32
		{DA5CD326-8274-4856-B863-5CE0EC9E096D}.Debug|Win32.Build.0 = Debug|Win32
		{DA5CD326-8274-4856-B863-5CE0EC9E096D}.Release|Win32.ActiveCfg = Release|Win32
		{DA5CD326-8274-4856-B863-5CE0EC9E096D}.Release|Win32.Build.0 = Release|Win32
	EndGlobalSection
	GlobalSection(SolutionProperties) = preSolution
		HideSolutionNode = FALSE
	EndGlobalSection
EndGlobal
