
Microsoft Visual Studio Solution File, Format Version 12.00
# Visual Studio 2012
Project("{8BC9CEB8-8B4A-11D0-8D11-00A0C91BC942}") = "Bylbashka", "Bylbashka\Bylbashka.vcxproj", "{79BC1DEE-1169-41C2-802E-02A4AC4A607B}"
EndProject
Global
	GlobalSection(SolutionConfigurationPlatforms) = preSolution
		Debug|Win32 = Debug|Win32
		Release|Win32 = Release|Win32
	EndGlobalSection
	GlobalSection(ProjectConfigurationPlatforms) = postSolution
		{79BC1DEE-1169-41C2-802E-02A4AC4A607B}.Debug|Win32.ActiveCfg = Debug|Win32
		{79BC1DEE-1169-41C2-802E-02A4AC4A607B}.Debug|Win32.Build.0 = Debug|Win32
		{79BC1DEE-1169-41C2-802E-02A4AC4A607B}.Release|Win32.ActiveCfg = Release|Win32
		{79BC1DEE-1169-41C2-802E-02A4AC4A607B}.Release|Win32.Build.0 = Release|Win32
	EndGlobalSection
	GlobalSection(SolutionProperties) = preSolution
		HideSolutionNode = FALSE
	EndGlobalSection
EndGlobal
